
Microsoft Visual Studio Solution File, Format Version 12.00
# Visual Studio Version 16
VisualStudioVersion = 25.0.1700.0
MinimumVisualStudioVersion = 10.0.40219.1
Project("{FAE04EC0-301F-11D3-BF4B-00C04F79EFBC}") = "doonamis-technical-test", "doonamis-technical-test\doonamis-technical-test.csproj", "{6B61D2AC-1170-4FFC-8CA9-B92C5E982301}"
EndProject
Global
	GlobalSection(SolutionConfigurationPlatforms) = preSolution
		Debug|Any CPU = Debug|Any CPU
		Release|Any CPU = Release|Any CPU
	EndGlobalSection
	GlobalSection(ProjectConfigurationPlatforms) = postSolution
		{6B61D2AC-1170-4FFC-8CA9-B92C5E982301}.Debug|Any CPU.ActiveCfg = Debug|Any CPU
		{6B61D2AC-1170-4FFC-8CA9-B92C5E982301}.Debug|Any CPU.Build.0 = Debug|Any CPU
		{6B61D2AC-1170-4FFC-8CA9-B92C5E982301}.Release|Any CPU.ActiveCfg = Release|Any CPU
		{6B61D2AC-1170-4FFC-8CA9-B92C5E982301}.Release|Any CPU.Build.0 = Release|Any CPU
	EndGlobalSection
	GlobalSection(SolutionProperties) = preSolution
		HideSolutionNode = FALSE
	EndGlobalSection
	GlobalSection(ExtensibilityGlobals) = postSolution
		SolutionGuid = {C2E28E74-D322-41B5-BA0B-2A53EC3F1A03}
	EndGlobalSection
EndGlobal
